// !$*UTF8*$!
{
	archiveVersion = 1;
	classes = {
	};
	objectVersion = 50;
	objects = {

/* Begin PBXBuildFile section */
		B3116E0020A01A4500EDACFD /* DataModel.xcdatamodeld in Sources */ = {isa = PBXBuildFile; fileRef = B3116DFE20A01A4200EDACFD /* DataModel.xcdatamodeld */; };
		B37EAC9620982C0D00A801F1 /* AppDelegate.swift in Sources */ = {isa = PBXBuildFile; fileRef = B37EAC9520982C0D00A801F1 /* AppDelegate.swift */; };
		B37EAC9820982C0D00A801F1 /* TODOListViewController.swift in Sources */ = {isa = PBXBuildFile; fileRef = B37EAC9720982C0D00A801F1 /* TODOListViewController.swift */; };
		B37EAC9B20982C0D00A801F1 /* Main.storyboard in Resources */ = {isa = PBXBuildFile; fileRef = B37EAC9920982C0D00A801F1 /* Main.storyboard */; };
		B37EAC9D20982C2800A801F1 /* Assets.xcassets in Resources */ = {isa = PBXBuildFile; fileRef = B37EAC9C20982C2800A801F1 /* Assets.xcassets */; };
		B37EACA020982C2800A801F1 /* LaunchScreen.storyboard in Resources */ = {isa = PBXBuildFile; fileRef = B37EAC9E20982C2800A801F1 /* LaunchScreen.storyboard */; };
		B37FE87820A32A7000E4F98C /* CategoryViewController.swift in Sources */ = {isa = PBXBuildFile; fileRef = B37FE87720A32A7000E4F98C /* CategoryViewController.swift */; };
/* End PBXBuildFile section */

/* Begin PBXFileReference section */
		B3116DFF20A01A4300EDACFD /* DataModel.xcdatamodel */ = {isa = PBXFileReference; lastKnownFileType = wrapper.xcdatamodel; path = DataModel.xcdatamodel; sourceTree = "<group>"; };
		B37EAC9220982C0D00A801F1 /* TO:DO.app */ = {isa = PBXFileReference; explicitFileType = wrapper.application; includeInIndex = 0; path = "TO:DO.app"; sourceTree = BUILT_PRODUCTS_DIR; };
		B37EAC9520982C0D00A801F1 /* AppDelegate.swift */ = {isa = PBXFileReference; lastKnownFileType = sourcecode.swift; path = AppDelegate.swift; sourceTree = "<group>"; };
		B37EAC9720982C0D00A801F1 /* TODOListViewController.swift */ = {isa = PBXFileReference; lastKnownFileType = sourcecode.swift; path = TODOListViewController.swift; sourceTree = "<group>"; };
		B37EAC9A20982C0D00A801F1 /* Base */ = {isa = PBXFileReference; lastKnownFileType = file.storyboard; name = Base; path = Base.lproj/Main.storyboard; sourceTree = "<group>"; };
		B37EAC9C20982C2800A801F1 /* Assets.xcassets */ = {isa = PBXFileReference; lastKnownFileType = folder.assetcatalog; path = Assets.xcassets; sourceTree = "<group>"; };
		B37EAC9F20982C2800A801F1 /* Base */ = {isa = PBXFileReference; lastKnownFileType = file.storyboard; name = Base; path = Base.lproj/LaunchScreen.storyboard; sourceTree = "<group>"; };
		B37EACA120982C2800A801F1 /* Info.plist */ = {isa = PBXFileReference; lastKnownFileType = text.plist.xml; path = Info.plist; sourceTree = "<group>"; };
		B37FE87720A32A7000E4F98C /* CategoryViewController.swift */ = {isa = PBXFileReference; lastKnownFileType = sourcecode.swift; path = CategoryViewController.swift; sourceTree = "<group>"; };
/* End PBXFileReference section */

/* Begin PBXFrameworksBuildPhase section */
		B37EAC8F20982C0C00A801F1 /* Frameworks */ = {
			isa = PBXFrameworksBuildPhase;
			buildActionMask = 2147483647;
			files = (
			);
			runOnlyForDeploymentPostprocessing = 0;
		};
/* End PBXFrameworksBuildPhase section */

/* Begin PBXGroup section */
		B37A2447209DB49C006E298E /* Data model */ = {
			isa = PBXGroup;
			children = (
				B3116DFE20A01A4200EDACFD /* DataModel.xcdatamodeld */,
			);
			path = "Data model";
			sourceTree = "<group>";
		};
		B37A2448209DB4B3006E298E /* Controllers */ = {
			isa = PBXGroup;
			children = (
				B37FE87720A32A7000E4F98C /* CategoryViewController.swift */,
				B37EAC9720982C0D00A801F1 /* TODOListViewController.swift */,
			);
			path = Controllers;
			sourceTree = "<group>";
		};
		B37A2449209DB4BE006E298E /* Views */ = {
			isa = PBXGroup;
			children = (
				B37EAC9920982C0D00A801F1 /* Main.storyboard */,
			);
			path = Views;
			sourceTree = "<group>";
		};
		B37A244A209DB4CD006E298E /* Suppoting Files */ = {
			isa = PBXGroup;
			children = (
				B37EAC9C20982C2800A801F1 /* Assets.xcassets */,
				B37EAC9E20982C2800A801F1 /* LaunchScreen.storyboard */,
			);
			path = "Suppoting Files";
			sourceTree = "<group>";
		};
		B37EAC8920982C0C00A801F1 = {
			isa = PBXGroup;
			children = (
				B37EAC9420982C0D00A801F1 /* TO:DO */,
				B37EAC9320982C0D00A801F1 /* Products */,
			);
			sourceTree = "<group>";
		};
		B37EAC9320982C0D00A801F1 /* Products */ = {
			isa = PBXGroup;
			children = (
				B37EAC9220982C0D00A801F1 /* TO:DO.app */,
			);
			name = Products;
			sourceTree = "<group>";
		};
		B37EAC9420982C0D00A801F1 /* TO:DO */ = {
			isa = PBXGroup;
			children = (
				B37EAC9520982C0D00A801F1 /* AppDelegate.swift */,
				B37A2448209DB4B3006E298E /* Controllers */,
				B37A2447209DB49C006E298E /* Data model */,
				B37A2449209DB4BE006E298E /* Views */,
				B37A244A209DB4CD006E298E /* Suppoting Files */,
				B37EACA120982C2800A801F1 /* Info.plist */,
			);
			path = "TO:DO";
			sourceTree = "<group>";
		};
/* End PBXGroup section */

/* Begin PBXNativeTarget section */
		B37EAC9120982C0C00A801F1 /* TO:DO */ = {
			isa = PBXNativeTarget;
			buildConfigurationList = B37EACA420982C2800A801F1 /* Build configuration list for PBXNativeTarget "TO:DO" */;
			buildPhases = (
				B37EAC8E20982C0C00A801F1 /* Sources */,
				B37EAC8F20982C0C00A801F1 /* Frameworks */,
				B37EAC9020982C0C00A801F1 /* Resources */,
			);
			buildRules = (
			);
			dependencies = (
			);
			name = "TO:DO";
			productName = "TO:DO";
			productReference = B37EAC9220982C0D00A801F1 /* TO:DO.app */;
			productType = "com.apple.product-type.application";
		};
/* End PBXNativeTarget section */

/* Begin PBXProject section */
		B37EAC8A20982C0C00A801F1 /* Project object */ = {
			isa = PBXProject;
			attributes = {
				LastSwiftUpdateCheck = 0930;
				LastUpgradeCheck = 0930;
				ORGANIZATIONNAME = "Jack Owens";
				TargetAttributes = {
					B37EAC9120982C0C00A801F1 = {
						CreatedOnToolsVersion = 9.3;
					};
				};
			};
			buildConfigurationList = B37EAC8D20982C0C00A801F1 /* Build configuration list for PBXProject "TO:DO" */;
			compatibilityVersion = "Xcode 9.3";
			developmentRegion = en;
			hasScannedForEncodings = 0;
			knownRegions = (
				en,
				Base,
			);
			mainGroup = B37EAC8920982C0C00A801F1;
			productRefGroup = B37EAC9320982C0D00A801F1 /* Products */;
			projectDirPath = "";
			projectRoot = "";
			targets = (
				B37EAC9120982C0C00A801F1 /* TO:DO */,
			);
		};
/* End PBXProject section */

/* Begin PBXResourcesBuildPhase section */
		B37EAC9020982C0C00A801F1 /* Resources */ = {
			isa = PBXResourcesBuildPhase;
			buildActionMask = 2147483647;
			files = (
				B37EACA020982C2800A801F1 /* LaunchScreen.storyboard in Resources */,
				B37EAC9D20982C2800A801F1 /* Assets.xcassets in Resources */,
				B37EAC9B20982C0D00A801F1 /* Main.storyboard in Resources */,
			);
			runOnlyForDeploymentPostprocessing = 0;
		};
/* End PBXResourcesBuildPhase section */

/* Begin PBXSourcesBuildPhase section */
		B37EAC8E20982C0C00A801F1 /* Sources */ = {
			isa = PBXSourcesBuildPhase;
			buildActionMask = 2147483647;
			files = (
				B37FE87820A32A7000E4F98C /* CategoryViewController.swift in Sources */,
				B37EAC9820982C0D00A801F1 /* TODOListViewController.swift in Sources */,
				B3116E0020A01A4500EDACFD /* DataModel.xcdatamodeld in Sources */,
				B37EAC9620982C0D00A801F1 /* AppDelegate.swift in Sources */,
			);
			runOnlyForDeploymentPostprocessing = 0;
		};
/* End PBXSourcesBuildPhase section */

/* Begin PBXVariantGroup section */
		B37EAC9920982C0D00A801F1 /* Main.storyboard */ = {
			isa = PBXVariantGroup;
			children = (
				B37EAC9A20982C0D00A801F1 /* Base */,
			);
			name = Main.storyboard;
			sourceTree = "<group>";
		};
		B37EAC9E20982C2800A801F1 /* LaunchScreen.storyboard */ = {
			isa = PBXVariantGroup;
			children = (
				B37EAC9F20982C2800A801F1 /* Base */,
			);
			name = LaunchScreen.storyboard;
			sourceTree = "<group>";
		};
/* End PBXVariantGroup section */

/* Begin XCBuildConfiguration section */
		B37EACA220982C2800A801F1 /* Debug */ = {
			isa = XCBuildConfiguration;
			buildSettings = {
				ALWAYS_SEARCH_USER_PATHS = NO;
				CLANG_ANALYZER_NONNULL = YES;
				CLANG_ANALYZER_NUMBER_OBJECT_CONVERSION = YES_AGGRESSIVE;
				CLANG_CXX_LANGUAGE_STANDARD = "gnu++14";
				CLANG_CXX_LIBRARY = "libc++";
				CLANG_ENABLE_MODULES = YES;
				CLANG_ENABLE_OBJC_ARC = YES;
				CLANG_ENABLE_OBJC_WEAK = YES;
				CLANG_WARN_BLOCK_CAPTURE_AUTORELEASING = YES;
				CLANG_WARN_BOOL_CONVERSION = YES;
				CLANG_WARN_COMMA = YES;
				CLANG_WARN_CONSTANT_CONVERSION = YES;
				CLANG_WARN_DEPRECATED_OBJC_IMPLEMENTATIONS = YES;
				CLANG_WARN_DIRECT_OBJC_ISA_USAGE = YES_ERROR;
				CLANG_WARN_DOCUMENTATION_COMMENTS = YES;
				CLANG_WARN_EMPTY_BODY = YES;
				CLANG_WARN_ENUM_CONVERSION = YES;
				CLANG_WARN_INFINITE_RECURSION = YES;
				CLANG_WARN_INT_CONVERSION = YES;
				CLANG_WARN_NON_LITERAL_NULL_CONVERSION = YES;
				CLANG_WARN_OBJC_IMPLICIT_RETAIN_SELF = YES;
				CLANG_WARN_OBJC_LITERAL_CONVERSION = YES;
				CLANG_WARN_OBJC_ROOT_CLASS = YES_ERROR;
				CLANG_WARN_RANGE_LOOP_ANALYSIS = YES;
				CLANG_WARN_STRICT_PROTOTYPES = YES;
				CLANG_WARN_SUSPICIOUS_MOVE = YES;
				CLANG_WARN_UNGUARDED_AVAILABILITY = YES_AGGRESSIVE;
				CLANG_WARN_UNREACHABLE_CODE = YES;
				CLANG_WARN__DUPLICATE_METHOD_MATCH = YES;
				CODE_SIGN_IDENTITY = "iPhone Developer";
				COPY_PHASE_STRIP = NO;
				DEBUG_INFORMATION_FORMAT = dwarf;
				ENABLE_STRICT_OBJC_MSGSEND = YES;
				ENABLE_TESTABILITY = YES;
				GCC_C_LANGUAGE_STANDARD = gnu11;
				GCC_DYNAMIC_NO_PIC = NO;
				GCC_NO_COMMON_BLOCKS = YES;
				GCC_OPTIMIZATION_LEVEL = 0;
				GCC_PREPROCESSOR_DEFINITIONS = (
					"DEBUG=1",
					"$(inherited)",
				);
				GCC_WARN_64_TO_32_BIT_CONVERSION = YES;
				GCC_WARN_ABOUT_RETURN_TYPE = YES_ERROR;
				GCC_WARN_UNDECLARED_SELECTOR = YES;
				GCC_WARN_UNINITIALIZED_AUTOS = YES_AGGRESSIVE;
				GCC_WARN_UNUSED_FUNCTION = YES;
				GCC_WARN_UNUSED_VARIABLE = YES;
				IPHONEOS_DEPLOYMENT_TARGET = 11.3;
				MTL_ENABLE_DEBUG_INFO = YES;
				ONLY_ACTIVE_ARCH = YES;
				SDKROOT = iphoneos;
				SWIFT_ACTIVE_COMPILATION_CONDITIONS = DEBUG;
				SWIFT_OPTIMIZATION_LEVEL = "-Onone";
			};
			name = Debug;
		};
		B37EACA320982C2800A801F1 /* Release */ = {
			isa = XCBuildConfiguration;
			buildSettings = {
				ALWAYS_SEARCH_USER_PATHS = NO;
				CLANG_ANALYZER_NONNULL = YES;
				CLANG_ANALYZER_NUMBER_OBJECT_CONVERSION = YES_AGGRESSIVE;
				CLANG_CXX_LANGUAGE_STANDARD = "gnu++14";
				CLANG_CXX_LIBRARY = "libc++";
				CLANG_ENABLE_MODULES = YES;
				CLANG_ENABLE_OBJC_ARC = YES;
				CLANG_ENABLE_OBJC_WEAK = YES;
				CLANG_WARN_BLOCK_CAPTURE_AUTORELEASING = YES;
				CLANG_WARN_BOOL_CONVERSION = YES;
				CLANG_WARN_COMMA = YES;
				CLANG_WARN_CONSTANT_CONVERSION = YES;
				CLANG_WARN_DEPRECATED_OBJC_IMPLEMENTATIONS = YES;
				CLANG_WARN_DIRECT_OBJC_ISA_USAGE = YES_ERROR;
				CLANG_WARN_DOCUMENTATION_COMMENTS = YES;
				CLANG_WARN_EMPTY_BODY = YES;
				CLANG_WARN_ENUM_CONVERSION = YES;
				CLANG_WARN_INFINITE_RECURSION = YES;
				CLANG_WARN_INT_CONVERSION = YES;
				CLANG_WARN_NON_LITERAL_NULL_CONVERSION = YES;
				CLANG_WARN_OBJC_IMPLICIT_RETAIN_SELF = YES;
				CLANG_WARN_OBJC_LITERAL_CONVERSION = YES;
				CLANG_WARN_OBJC_ROOT_CLASS = YES_ERROR;
				CLANG_WARN_RANGE_LOOP_ANALYSIS = YES;
				CLANG_WARN_STRICT_PROTOTYPES = YES;
				CLANG_WARN_SUSPICIOUS_MOVE = YES;
				CLANG_WARN_UNGUARDED_AVAILABILITY = YES_AGGRESSIVE;
				CLANG_WARN_UNREACHABLE_CODE = YES;
				CLANG_WARN__DUPLICATE_METHOD_MATCH = YES;
				CODE_SIGN_IDENTITY = "iPhone Developer";
				COPY_PHASE_STRIP = NO;
				DEBUG_INFORMATION_FORMAT = "dwarf-with-dsym";
				ENABLE_NS_ASSERTIONS = NO;
				ENABLE_STRICT_OBJC_MSGSEND = YES;
				GCC_C_LANGUAGE_STANDARD = gnu11;
				GCC_NO_COMMON_BLOCKS = YES;
				GCC_WARN_64_TO_32_BIT_CONVERSION = YES;
				GCC_WARN_ABOUT_RETURN_TYPE = YES_ERROR;
				GCC_WARN_UNDECLARED_SELECTOR = YES;
				GCC_WARN_UNINITIALIZED_AUTOS = YES_AGGRESSIVE;
				GCC_WARN_UNUSED_FUNCTION = YES;
				GCC_WARN_UNUSED_VARIABLE = YES;
				IPHONEOS_DEPLOYMENT_TARGET = 11.3;
				MTL_ENABLE_DEBUG_INFO = NO;
				SDKROOT = iphoneos;
				SWIFT_COMPILATION_MODE = wholemodule;
				SWIFT_OPTIMIZATION_LEVEL = "-O";
				VALIDATE_PRODUCT = YES;
			};
			name = Release;
		};
		B37EACA520982C2800A801F1 /* Debug */ = {
			isa = XCBuildConfiguration;
			buildSettings = {
				ASSETCATALOG_COMPILER_APPICON_NAME = AppIcon;
				CODE_SIGN_STYLE = Automatic;
				DEVELOPMENT_TEAM = U2EBUW9ZXD;
				INFOPLIST_FILE = "TO:DO/Info.plist";
				LD_RUNPATH_SEARCH_PATHS = (
					"$(inherited)",
					"@executable_path/Frameworks",
				);
				PRODUCT_BUNDLE_IDENTIFIER = "JackOwens.TO-DO";
				PRODUCT_NAME = "$(TARGET_NAME)";
				SWIFT_VERSION = 4.0;
				TARGETED_DEVICE_FAMILY = "1,2";
			};
			name = Debug;
		};
		B37EACA620982C2800A801F1 /* Release */ = {
			isa = XCBuildConfiguration;
			buildSettings = {
				ASSETCATALOG_COMPILER_APPICON_NAME = AppIcon;
				CODE_SIGN_STYLE = Automatic;
				DEVELOPMENT_TEAM = U2EBUW9ZXD;
				INFOPLIST_FILE = "TO:DO/Info.plist";
				LD_RUNPATH_SEARCH_PATHS = (
					"$(inherited)",
					"@executable_path/Frameworks",
				);
				PRODUCT_BUNDLE_IDENTIFIER = "JackOwens.TO-DO";
				PRODUCT_NAME = "$(TARGET_NAME)";
				SWIFT_VERSION = 4.0;
				TARGETED_DEVICE_FAMILY = "1,2";
			};
			name = Release;
		};
/* End XCBuildConfiguration section */

/* Begin XCConfigurationList section */
		B37EAC8D20982C0C00A801F1 /* Build configuration list for PBXProject "TO:DO" */ = {
			isa = XCConfigurationList;
			buildConfigurations = (
				B37EACA220982C2800A801F1 /* Debug */,
				B37EACA320982C2800A801F1 /* Release */,
			);
			defaultConfigurationIsVisible = 0;
			defaultConfigurationName = Release;
		};
		B37EACA420982C2800A801F1 /* Build configuration list for PBXNativeTarget "TO:DO" */ = {
			isa = XCConfigurationList;
			buildConfigurations = (
				B37EACA520982C2800A801F1 /* Debug */,
				B37EACA620982C2800A801F1 /* Release */,
			);
			defaultConfigurationIsVisible = 0;
			defaultConfigurationName = Release;
		};
/* End XCConfigurationList section */

/* Begin XCVersionGroup section */
		B3116DFE20A01A4200EDACFD /* DataModel.xcdatamodeld */ = {
			isa = XCVersionGroup;
			children = (
				B3116DFF20A01A4300EDACFD /* DataModel.xcdatamodel */,
			);
			currentVersion = B3116DFF20A01A4300EDACFD /* DataModel.xcdatamodel */;
			path = DataModel.xcdatamodeld;
			sourceTree = "<group>";
			versionGroupType = wrapper.xcdatamodel;
		};
/* End XCVersionGroup section */
	};
	rootObject = B37EAC8A20982C0C00A801F1 /* Project object */;
}
